
Microsoft Visual Studio Solution File, Format Version 12.00
# Visual Studio Version 16
VisualStudioVersion = 16.0.30907.101
MinimumVisualStudioVersion = 10.0.40219.1
Project("{FAE04EC0-301F-11D3-BF4B-00C04F79EFBC}") = "01.DayOfWeek", "01.DayOfWeek\01.DayOfWeek.csproj", "{C099C34B-4A8E-4DD0-A3E0-6A5F278112AF}"
EndProject
Global
	GlobalSection(SolutionConfigurationPlatforms) = preSolution
		Debug|Any CPU = Debug|Any CPU
		Release|Any CPU = Release|Any CPU
	EndGlobalSection
	GlobalSection(ProjectConfigurationPlatforms) = postSolution
		{C099C34B-4A8E-4DD0-A3E0-6A5F278112AF}.Debug|Any CPU.ActiveCfg = Debug|Any CPU
		{C099C34B-4A8E-4DD0-A3E0-6A5F278112AF}.Debug|Any CPU.Build.0 = Debug|Any CPU
		{C099C34B-4A8E-4DD0-A3E0-6A5F278112AF}.Release|Any CPU.ActiveCfg = Release|Any CPU
		{C099C34B-4A8E-4DD0-A3E0-6A5F278112AF}.Release|Any CPU.Build.0 = Release|Any CPU
	EndGlobalSection
	GlobalSection(SolutionProperties) = preSolution
		HideSolutionNode = FALSE
	EndGlobalSection
	GlobalSection(ExtensibilityGlobals) = postSolution
		SolutionGuid = {89BA977D-228F-40BB-852A-6B3BC18A33AB}
	EndGlobalSection
EndGlobal
