
Microsoft Visual Studio Solution File, Format Version 12.00
# Visual Studio Version 16
VisualStudioVersion = 16.0.31402.337
MinimumVisualStudioVersion = 10.0.40219.1
Project("{FAE04EC0-301F-11D3-BF4B-00C04F79EFBC}") = "01.ComputerStore", "01.ComputerStore\01.ComputerStore.csproj", "{BA95C64D-740C-4C53-8A9A-F9815F998614}"
EndProject
Global
	GlobalSection(SolutionConfigurationPlatforms) = preSolution
		Debug|Any CPU = Debug|Any CPU
		Release|Any CPU = Release|Any CPU
	EndGlobalSection
	GlobalSection(ProjectConfigurationPlatforms) = postSolution
		{BA95C64D-740C-4C53-8A9A-F9815F998614}.Debug|Any CPU.ActiveCfg = Debug|Any CPU
		{BA95C64D-740C-4C53-8A9A-F9815F998614}.Debug|Any CPU.Build.0 = Debug|Any CPU
		{BA95C64D-740C-4C53-8A9A-F9815F998614}.Release|Any CPU.ActiveCfg = Release|Any CPU
		{BA95C64D-740C-4C53-8A9A-F9815F998614}.Release|Any CPU.Build.0 = Release|Any CPU
	EndGlobalSection
	GlobalSection(SolutionProperties) = preSolution
		HideSolutionNode = FALSE
	EndGlobalSection
	GlobalSection(ExtensibilityGlobals) = postSolution
		SolutionGuid = {4731D91C-09E6-462E-8D5C-F1D19E0FE8ED}
	EndGlobalSection
EndGlobal
