
Microsoft Visual Studio Solution File, Format Version 12.00
# Visual Studio Version 16
VisualStudioVersion = 16.0.31402.337
MinimumVisualStudioVersion = 10.0.40219.1
Project("{9A19103F-16F7-4668-BE54-9A1E7A4F7556}") = "01.Concert", "01.Concert\01.Concert.csproj", "{89CCF193-4676-4680-A3EB-52AC1C5CC986}"
EndProject
Project("{FAE04EC0-301F-11D3-BF4B-00C04F79EFBC}") = "ConsoleApp1", "ConsoleApp1\ConsoleApp1.csproj", "{3CB4B756-1D4F-4673-859B-FC5DF3722331}"
EndProject
Global
	GlobalSection(SolutionConfigurationPlatforms) = preSolution
		Debug|Any CPU = Debug|Any CPU
		Release|Any CPU = Release|Any CPU
	EndGlobalSection
	GlobalSection(ProjectConfigurationPlatforms) = postSolution
		{89CCF193-4676-4680-A3EB-52AC1C5CC986}.Debug|Any CPU.ActiveCfg = Debug|Any CPU
		{89CCF193-4676-4680-A3EB-52AC1C5CC986}.Debug|Any CPU.Build.0 = Debug|Any CPU
		{89CCF193-4676-4680-A3EB-52AC1C5CC986}.Release|Any CPU.ActiveCfg = Release|Any CPU
		{89CCF193-4676-4680-A3EB-52AC1C5CC986}.Release|Any CPU.Build.0 = Release|Any CPU
		{3CB4B756-1D4F-4673-859B-FC5DF3722331}.Debug|Any CPU.ActiveCfg = Debug|Any CPU
		{3CB4B756-1D4F-4673-859B-FC5DF3722331}.Debug|Any CPU.Build.0 = Debug|Any CPU
		{3CB4B756-1D4F-4673-859B-FC5DF3722331}.Release|Any CPU.ActiveCfg = Release|Any CPU
		{3CB4B756-1D4F-4673-859B-FC5DF3722331}.Release|Any CPU.Build.0 = Release|Any CPU
	EndGlobalSection
	GlobalSection(SolutionProperties) = preSolution
		HideSolutionNode = FALSE
	EndGlobalSection
	GlobalSection(ExtensibilityGlobals) = postSolution
		SolutionGuid = {1D0B0ECA-266A-4CF6-9D1A-6A57D2C91FC2}
	EndGlobalSection
EndGlobal
