
Microsoft Visual Studio Solution File, Format Version 12.00
# Visual Studio Version 16
VisualStudioVersion = 16.0.31402.337
MinimumVisualStudioVersion = 10.0.40219.1
Project("{9A19103F-16F7-4668-BE54-9A1E7A4F7556}") = "01.DataTypes", "01.DataTypes\01.DataTypes.csproj", "{9BD64121-8D33-4F04-95E4-5E376F0F2780}"
EndProject
Project("{FAE04EC0-301F-11D3-BF4B-00C04F79EFBC}") = "02.CenterPoint", "02.CenterPoint\02.CenterPoint.csproj", "{FC28BFCB-AFB1-4688-93A9-11D183CD00CD}"
EndProject
Project("{FAE04EC0-301F-11D3-BF4B-00C04F79EFBC}") = "03.LongerLine", "03.LongerLine\03.LongerLine.csproj", "{2A957769-C6B1-4410-AE90-8167D91D54B8}"
EndProject
Global
	GlobalSection(SolutionConfigurationPlatforms) = preSolution
		Debug|Any CPU = Debug|Any CPU
		Release|Any CPU = Release|Any CPU
	EndGlobalSection
	GlobalSection(ProjectConfigurationPlatforms) = postSolution
		{9BD64121-8D33-4F04-95E4-5E376F0F2780}.Debug|Any CPU.ActiveCfg = Debug|Any CPU
		{9BD64121-8D33-4F04-95E4-5E376F0F2780}.Debug|Any CPU.Build.0 = Debug|Any CPU
		{9BD64121-8D33-4F04-95E4-5E376F0F2780}.Release|Any CPU.ActiveCfg = Release|Any CPU
		{9BD64121-8D33-4F04-95E4-5E376F0F2780}.Release|Any CPU.Build.0 = Release|Any CPU
		{FC28BFCB-AFB1-4688-93A9-11D183CD00CD}.Debug|Any CPU.ActiveCfg = Debug|Any CPU
		{FC28BFCB-AFB1-4688-93A9-11D183CD00CD}.Debug|Any CPU.Build.0 = Debug|Any CPU
		{FC28BFCB-AFB1-4688-93A9-11D183CD00CD}.Release|Any CPU.ActiveCfg = Release|Any CPU
		{FC28BFCB-AFB1-4688-93A9-11D183CD00CD}.Release|Any CPU.Build.0 = Release|Any CPU
		{2A957769-C6B1-4410-AE90-8167D91D54B8}.Debug|Any CPU.ActiveCfg = Debug|Any CPU
		{2A957769-C6B1-4410-AE90-8167D91D54B8}.Debug|Any CPU.Build.0 = Debug|Any CPU
		{2A957769-C6B1-4410-AE90-8167D91D54B8}.Release|Any CPU.ActiveCfg = Release|Any CPU
		{2A957769-C6B1-4410-AE90-8167D91D54B8}.Release|Any CPU.Build.0 = Release|Any CPU
	EndGlobalSection
	GlobalSection(SolutionProperties) = preSolution
		HideSolutionNode = FALSE
	EndGlobalSection
	GlobalSection(ExtensibilityGlobals) = postSolution
		SolutionGuid = {975754C0-BF65-4907-90DE-13010FB0C3D5}
	EndGlobalSection
EndGlobal
