
Microsoft Visual Studio Solution File, Format Version 12.00
# Visual Studio Version 16
VisualStudioVersion = 16.0.31402.337
MinimumVisualStudioVersion = 10.0.40219.1
Project("{FAE04EC0-301F-11D3-BF4B-00C04F79EFBC}") = "01.Encrypt,SortAndPrintArray", "01.Encrypt,SortAndPrintArray\01.Encrypt,SortAndPrintArray.csproj", "{A250CDC0-A681-48DF-92EA-FD8192960EB8}"
EndProject
Project("{FAE04EC0-301F-11D3-BF4B-00C04F79EFBC}") = "02.PascalTriangle", "02.PascalTriangle\02.PascalTriangle.csproj", "{8AB6BBA0-C362-4FC6-AEDB-E6E0B619BABE}"
EndProject
Global
	GlobalSection(SolutionConfigurationPlatforms) = preSolution
		Debug|Any CPU = Debug|Any CPU
		Release|Any CPU = Release|Any CPU
	EndGlobalSection
	GlobalSection(ProjectConfigurationPlatforms) = postSolution
		{A250CDC0-A681-48DF-92EA-FD8192960EB8}.Debug|Any CPU.ActiveCfg = Debug|Any CPU
		{A250CDC0-A681-48DF-92EA-FD8192960EB8}.Debug|Any CPU.Build.0 = Debug|Any CPU
		{A250CDC0-A681-48DF-92EA-FD8192960EB8}.Release|Any CPU.ActiveCfg = Release|Any CPU
		{A250CDC0-A681-48DF-92EA-FD8192960EB8}.Release|Any CPU.Build.0 = Release|Any CPU
		{8AB6BBA0-C362-4FC6-AEDB-E6E0B619BABE}.Debug|Any CPU.ActiveCfg = Debug|Any CPU
		{8AB6BBA0-C362-4FC6-AEDB-E6E0B619BABE}.Debug|Any CPU.Build.0 = Debug|Any CPU
		{8AB6BBA0-C362-4FC6-AEDB-E6E0B619BABE}.Release|Any CPU.ActiveCfg = Release|Any CPU
		{8AB6BBA0-C362-4FC6-AEDB-E6E0B619BABE}.Release|Any CPU.Build.0 = Release|Any CPU
	EndGlobalSection
	GlobalSection(SolutionProperties) = preSolution
		HideSolutionNode = FALSE
	EndGlobalSection
	GlobalSection(ExtensibilityGlobals) = postSolution
		SolutionGuid = {951E310B-9313-4ECE-9CE3-C05ADFD64A93}
	EndGlobalSection
EndGlobal
